
Microsoft Visual Studio Solution File, Format Version 12.00
# Visual Studio Version 17
VisualStudioVersion = 17.11.35312.102
MinimumVisualStudioVersion = 10.0.40219.1
Project("{8BC9CEB8-8B4A-11D0-8D11-00A0C91BC942}") = "Insertar y borrar", "Insertar y borrar\Insertar y borrar.vcxproj", "{52AB62B5-1B00-40BF-B46F-9F8FE1783674}"
EndProject
Global
	GlobalSection(SolutionConfigurationPlatforms) = preSolution
		Debug|x64 = Debug|x64
		Debug|x86 = Debug|x86
		Release|x64 = Release|x64
		Release|x86 = Release|x86
	EndGlobalSection
	GlobalSection(ProjectConfigurationPlatforms) = postSolution
		{52AB62B5-1B00-40BF-B46F-9F8FE1783674}.Debug|x64.ActiveCfg = Debug|x64
		{52AB62B5-1B00-40BF-B46F-9F8FE1783674}.Debug|x64.Build.0 = Debug|x64
		{52AB62B5-1B00-40BF-B46F-9F8FE1783674}.Debug|x86.ActiveCfg = Debug|Win32
		{52AB62B5-1B00-40BF-B46F-9F8FE1783674}.Debug|x86.Build.0 = Debug|Win32
		{52AB62B5-1B00-40BF-B46F-9F8FE1783674}.Release|x64.ActiveCfg = Release|x64
		{52AB62B5-1B00-40BF-B46F-9F8FE1783674}.Release|x64.Build.0 = Release|x64
		{52AB62B5-1B00-40BF-B46F-9F8FE1783674}.Release|x86.ActiveCfg = Release|Win32
		{52AB62B5-1B00-40BF-B46F-9F8FE1783674}.Release|x86.Build.0 = Release|Win32
	EndGlobalSection
	GlobalSection(SolutionProperties) = preSolution
		HideSolutionNode = FALSE
	EndGlobalSection
	GlobalSection(ExtensibilityGlobals) = postSolution
		SolutionGuid = {E8BF1981-6C21-416D-83BF-8AD3191DCB9B}
	EndGlobalSection
EndGlobal
